
Microsoft Visual Studio Solution File, Format Version 12.00
# Visual Studio Version 17
VisualStudioVersion = 17.0.31903.59
MinimumVisualStudioVersion = 10.0.40219.1
Project("{FAE04EC0-301F-11D3-BF4B-00C04F79EFBC}") = "TodoApp.Core", "TodoApp.Core\TodoApp.Core.csproj", "{50F5FE56-8DB6-4FBF-9C4C-B7A656EE931D}"
EndProject
Project("{FAE04EC0-301F-11D3-BF4B-00C04F79EFBC}") = "TodoApp.Data", "TodoApp.Data\TodoApp.Data.csproj", "{723EA06D-BCDE-4C20-BE47-7216CEB2F4C4}"
EndProject
Project("{FAE04EC0-301F-11D3-BF4B-00C04F79EFBC}") = "TodoApp.Business", "TodoApp.Business\TodoApp.Business.csproj", "{F4A60B8B-545B-43D6-A0F6-D5A8C7BA08C4}"
EndProject
Project("{FAE04EC0-301F-11D3-BF4B-00C04F79EFBC}") = "TodoApp.API", "TodoApp.API\TodoApp.API.csproj", "{B867F7A2-117F-4654-9225-38BEAF3CCA38}"
EndProject
Project("{FAE04EC0-301F-11D3-BF4B-00C04F79EFBC}") = "TodoApp.Entities", "TodoApp.Entities\TodoApp.Entities.csproj", "{1D988648-B780-4E9E-B83C-DD0FE6F3802A}"
EndProject
Project("{FAE04EC0-301F-11D3-BF4B-00C04F79EFBC}") = "TodoApp.Common", "TodoApp.Common\TodoApp.Common.csproj", "{A67E6204-5DA4-4A5F-8A1E-997BF5FF3ED7}"
EndProject
Global
	GlobalSection(SolutionConfigurationPlatforms) = preSolution
		Debug|Any CPU = Debug|Any CPU
		Debug|x64 = Debug|x64
		Debug|x86 = Debug|x86
		Release|Any CPU = Release|Any CPU
		Release|x64 = Release|x64
		Release|x86 = Release|x86
	EndGlobalSection
	GlobalSection(ProjectConfigurationPlatforms) = postSolution
		{50F5FE56-8DB6-4FBF-9C4C-B7A656EE931D}.Debug|Any CPU.ActiveCfg = Debug|Any CPU
		{50F5FE56-8DB6-4FBF-9C4C-B7A656EE931D}.Debug|Any CPU.Build.0 = Debug|Any CPU
		{50F5FE56-8DB6-4FBF-9C4C-B7A656EE931D}.Debug|x64.ActiveCfg = Debug|Any CPU
		{50F5FE56-8DB6-4FBF-9C4C-B7A656EE931D}.Debug|x64.Build.0 = Debug|Any CPU
		{50F5FE56-8DB6-4FBF-9C4C-B7A656EE931D}.Debug|x86.ActiveCfg = Debug|Any CPU
		{50F5FE56-8DB6-4FBF-9C4C-B7A656EE931D}.Debug|x86.Build.0 = Debug|Any CPU
		{50F5FE56-8DB6-4FBF-9C4C-B7A656EE931D}.Release|Any CPU.ActiveCfg = Release|Any CPU
		{50F5FE56-8DB6-4FBF-9C4C-B7A656EE931D}.Release|Any CPU.Build.0 = Release|Any CPU
		{50F5FE56-8DB6-4FBF-9C4C-B7A656EE931D}.Release|x64.ActiveCfg = Release|Any CPU
		{50F5FE56-8DB6-4FBF-9C4C-B7A656EE931D}.Release|x64.Build.0 = Release|Any CPU
		{50F5FE56-8DB6-4FBF-9C4C-B7A656EE931D}.Release|x86.ActiveCfg = Release|Any CPU
		{50F5FE56-8DB6-4FBF-9C4C-B7A656EE931D}.Release|x86.Build.0 = Release|Any CPU
		{723EA06D-BCDE-4C20-BE47-7216CEB2F4C4}.Debug|Any CPU.ActiveCfg = Debug|Any CPU
		{723EA06D-BCDE-4C20-BE47-7216CEB2F4C4}.Debug|Any CPU.Build.0 = Debug|Any CPU
		{723EA06D-BCDE-4C20-BE47-7216CEB2F4C4}.Debug|x64.ActiveCfg = Debug|Any CPU
		{723EA06D-BCDE-4C20-BE47-7216CEB2F4C4}.Debug|x64.Build.0 = Debug|Any CPU
		{723EA06D-BCDE-4C20-BE47-7216CEB2F4C4}.Debug|x86.ActiveCfg = Debug|Any CPU
		{723EA06D-BCDE-4C20-BE47-7216CEB2F4C4}.Debug|x86.Build.0 = Debug|Any CPU
		{723EA06D-BCDE-4C20-BE47-7216CEB2F4C4}.Release|Any CPU.ActiveCfg = Release|Any CPU
		{723EA06D-BCDE-4C20-BE47-7216CEB2F4C4}.Release|Any CPU.Build.0 = Release|Any CPU
		{723EA06D-BCDE-4C20-BE47-7216CEB2F4C4}.Release|x64.ActiveCfg = Release|Any CPU
		{723EA06D-BCDE-4C20-BE47-7216CEB2F4C4}.Release|x64.Build.0 = Release|Any CPU
		{723EA06D-BCDE-4C20-BE47-7216CEB2F4C4}.Release|x86.ActiveCfg = Release|Any CPU
		{723EA06D-BCDE-4C20-BE47-7216CEB2F4C4}.Release|x86.Build.0 = Release|Any CPU
		{F4A60B8B-545B-43D6-A0F6-D5A8C7BA08C4}.Debug|Any CPU.ActiveCfg = Debug|Any CPU
		{F4A60B8B-545B-43D6-A0F6-D5A8C7BA08C4}.Debug|Any CPU.Build.0 = Debug|Any CPU
		{F4A60B8B-545B-43D6-A0F6-D5A8C7BA08C4}.Debug|x64.ActiveCfg = Debug|Any CPU
		{F4A60B8B-545B-43D6-A0F6-D5A8C7BA08C4}.Debug|x64.Build.0 = Debug|Any CPU
		{F4A60B8B-545B-43D6-A0F6-D5A8C7BA08C4}.Debug|x86.ActiveCfg = Debug|Any CPU
		{F4A60B8B-545B-43D6-A0F6-D5A8C7BA08C4}.Debug|x86.Build.0 = Debug|Any CPU
		{F4A60B8B-545B-43D6-A0F6-D5A8C7BA08C4}.Release|Any CPU.ActiveCfg = Release|Any CPU
		{F4A60B8B-545B-43D6-A0F6-D5A8C7BA08C4}.Release|Any CPU.Build.0 = Release|Any CPU
		{F4A60B8B-545B-43D6-A0F6-D5A8C7BA08C4}.Release|x64.ActiveCfg = Release|Any CPU
		{F4A60B8B-545B-43D6-A0F6-D5A8C7BA08C4}.Release|x64.Build.0 = Release|Any CPU
		{F4A60B8B-545B-43D6-A0F6-D5A8C7BA08C4}.Release|x86.ActiveCfg = Release|Any CPU
		{F4A60B8B-545B-43D6-A0F6-D5A8C7BA08C4}.Release|x86.Build.0 = Release|Any CPU
		{B867F7A2-117F-4654-9225-38BEAF3CCA38}.Debug|Any CPU.ActiveCfg = Debug|Any CPU
		{B867F7A2-117F-4654-9225-38BEAF3CCA38}.Debug|Any CPU.Build.0 = Debug|Any CPU
		{B867F7A2-117F-4654-9225-38BEAF3CCA38}.Debug|x64.ActiveCfg = Debug|Any CPU
		{B867F7A2-117F-4654-9225-38BEAF3CCA38}.Debug|x64.Build.0 = Debug|Any CPU
		{B867F7A2-117F-4654-9225-38BEAF3CCA38}.Debug|x86.ActiveCfg = Debug|Any CPU
		{B867F7A2-117F-4654-9225-38BEAF3CCA38}.Debug|x86.Build.0 = Debug|Any CPU
		{B867F7A2-117F-4654-9225-38BEAF3CCA38}.Release|Any CPU.ActiveCfg = Release|Any CPU
		{B867F7A2-117F-4654-9225-38BEAF3CCA38}.Release|Any CPU.Build.0 = Release|Any CPU
		{B867F7A2-117F-4654-9225-38BEAF3CCA38}.Release|x64.ActiveCfg = Release|Any CPU
		{B867F7A2-117F-4654-9225-38BEAF3CCA38}.Release|x64.Build.0 = Release|Any CPU
		{B867F7A2-117F-4654-9225-38BEAF3CCA38}.Release|x86.ActiveCfg = Release|Any CPU
		{B867F7A2-117F-4654-9225-38BEAF3CCA38}.Release|x86.Build.0 = Release|Any CPU
		{1D988648-B780-4E9E-B83C-DD0FE6F3802A}.Debug|Any CPU.ActiveCfg = Debug|Any CPU
		{1D988648-B780-4E9E-B83C-DD0FE6F3802A}.Debug|Any CPU.Build.0 = Debug|Any CPU
		{1D988648-B780-4E9E-B83C-DD0FE6F3802A}.Debug|x64.ActiveCfg = Debug|Any CPU
		{1D988648-B780-4E9E-B83C-DD0FE6F3802A}.Debug|x64.Build.0 = Debug|Any CPU
		{1D988648-B780-4E9E-B83C-DD0FE6F3802A}.Debug|x86.ActiveCfg = Debug|Any CPU
		{1D988648-B780-4E9E-B83C-DD0FE6F3802A}.Debug|x86.Build.0 = Debug|Any CPU
		{1D988648-B780-4E9E-B83C-DD0FE6F3802A}.Release|Any CPU.ActiveCfg = Release|Any CPU
		{1D988648-B780-4E9E-B83C-DD0FE6F3802A}.Release|Any CPU.Build.0 = Release|Any CPU
		{1D988648-B780-4E9E-B83C-DD0FE6F3802A}.Release|x64.ActiveCfg = Release|Any CPU
		{1D988648-B780-4E9E-B83C-DD0FE6F3802A}.Release|x64.Build.0 = Release|Any CPU
		{1D988648-B780-4E9E-B83C-DD0FE6F3802A}.Release|x86.ActiveCfg = Release|Any CPU
		{1D988648-B780-4E9E-B83C-DD0FE6F3802A}.Release|x86.Build.0 = Release|Any CPU
		{A67E6204-5DA4-4A5F-8A1E-997BF5FF3ED7}.Debug|Any CPU.ActiveCfg = Debug|Any CPU
		{A67E6204-5DA4-4A5F-8A1E-997BF5FF3ED7}.Debug|Any CPU.Build.0 = Debug|Any CPU
		{A67E6204-5DA4-4A5F-8A1E-997BF5FF3ED7}.Debug|x64.ActiveCfg = Debug|Any CPU
		{A67E6204-5DA4-4A5F-8A1E-997BF5FF3ED7}.Debug|x64.Build.0 = Debug|Any CPU
		{A67E6204-5DA4-4A5F-8A1E-997BF5FF3ED7}.Debug|x86.ActiveCfg = Debug|Any CPU
		{A67E6204-5DA4-4A5F-8A1E-997BF5FF3ED7}.Debug|x86.Build.0 = Debug|Any CPU
		{A67E6204-5DA4-4A5F-8A1E-997BF5FF3ED7}.Release|Any CPU.ActiveCfg = Release|Any CPU
		{A67E6204-5DA4-4A5F-8A1E-997BF5FF3ED7}.Release|Any CPU.Build.0 = Release|Any CPU
		{A67E6204-5DA4-4A5F-8A1E-997BF5FF3ED7}.Release|x64.ActiveCfg = Release|Any CPU
		{A67E6204-5DA4-4A5F-8A1E-997BF5FF3ED7}.Release|x64.Build.0 = Release|Any CPU
		{A67E6204-5DA4-4A5F-8A1E-997BF5FF3ED7}.Release|x86.ActiveCfg = Release|Any CPU
		{A67E6204-5DA4-4A5F-8A1E-997BF5FF3ED7}.Release|x86.Build.0 = Release|Any CPU
	EndGlobalSection
	GlobalSection(SolutionProperties) = preSolution
		HideSolutionNode = FALSE
	EndGlobalSection
EndGlobal
